
Microsoft Visual Studio Solution File, Format Version 12.00
# Visual Studio Version 16
VisualStudioVersion = 16.0.30330.147
MinimumVisualStudioVersion = 10.0.40219.1
Project("{FAE04EC0-301F-11D3-BF4B-00C04F79EFBC}") = "GC_Lab21_MovieRegistration", "GC_Lab21_MovieRegistration\GC_Lab21_MovieRegistration.csproj", "{A3C0163A-0167-4622-A0A4-C94B35EB39DE}"
EndProject
Global
	GlobalSection(SolutionConfigurationPlatforms) = preSolution
		Debug|Any CPU = Debug|Any CPU
		Release|Any CPU = Release|Any CPU
	EndGlobalSection
	GlobalSection(ProjectConfigurationPlatforms) = postSolution
		{A3C0163A-0167-4622-A0A4-C94B35EB39DE}.Debug|Any CPU.ActiveCfg = Debug|Any CPU
		{A3C0163A-0167-4622-A0A4-C94B35EB39DE}.Debug|Any CPU.Build.0 = Debug|Any CPU
		{A3C0163A-0167-4622-A0A4-C94B35EB39DE}.Release|Any CPU.ActiveCfg = Release|Any CPU
		{A3C0163A-0167-4622-A0A4-C94B35EB39DE}.Release|Any CPU.Build.0 = Release|Any CPU
	EndGlobalSection
	GlobalSection(SolutionProperties) = preSolution
		HideSolutionNode = FALSE
	EndGlobalSection
	GlobalSection(ExtensibilityGlobals) = postSolution
		SolutionGuid = {6FD3AFC1-9D2E-4BA7-9D60-FB1E7A920EE9}
	EndGlobalSection
EndGlobal
